
Microsoft Visual Studio Solution File, Format Version 12.00
# Visual Studio Version 16
VisualStudioVersion = 16.0.31624.102
MinimumVisualStudioVersion = 10.0.40219.1
Project("{9A19103F-16F7-4668-BE54-9A1E7A4F7556}") = "Task1_1", "Task1_1\Task1_1.csproj", "{DF34E5D5-0920-4300-8C84-F62DFEF46F07}"
EndProject
Project("{9A19103F-16F7-4668-BE54-9A1E7A4F7556}") = "Task1_2", "Task1_2\Task1_2.csproj", "{16F138F1-3E13-483E-BA0D-87693A941B09}"
EndProject
Project("{FAE04EC0-301F-11D3-BF4B-00C04F79EFBC}") = "Task1_3", "Task1_3\Task1_3.csproj", "{CFBF19A8-22DF-4921-A20B-14F75749C261}"
EndProject
Project("{FAE04EC0-301F-11D3-BF4B-00C04F79EFBC}") = "Task2_1", "Task2_1\Task2_1.csproj", "{D7379472-F020-4119-9D19-93AE20BD5B82}"
EndProject
Global
	GlobalSection(SolutionConfigurationPlatforms) = preSolution
		Debug|Any CPU = Debug|Any CPU
		Release|Any CPU = Release|Any CPU
	EndGlobalSection
	GlobalSection(ProjectConfigurationPlatforms) = postSolution
		{DF34E5D5-0920-4300-8C84-F62DFEF46F07}.Debug|Any CPU.ActiveCfg = Debug|Any CPU
		{DF34E5D5-0920-4300-8C84-F62DFEF46F07}.Debug|Any CPU.Build.0 = Debug|Any CPU
		{DF34E5D5-0920-4300-8C84-F62DFEF46F07}.Release|Any CPU.ActiveCfg = Release|Any CPU
		{DF34E5D5-0920-4300-8C84-F62DFEF46F07}.Release|Any CPU.Build.0 = Release|Any CPU
		{16F138F1-3E13-483E-BA0D-87693A941B09}.Debug|Any CPU.ActiveCfg = Debug|Any CPU
		{16F138F1-3E13-483E-BA0D-87693A941B09}.Debug|Any CPU.Build.0 = Debug|Any CPU
		{16F138F1-3E13-483E-BA0D-87693A941B09}.Release|Any CPU.ActiveCfg = Release|Any CPU
		{16F138F1-3E13-483E-BA0D-87693A941B09}.Release|Any CPU.Build.0 = Release|Any CPU
		{CFBF19A8-22DF-4921-A20B-14F75749C261}.Debug|Any CPU.ActiveCfg = Debug|Any CPU
		{CFBF19A8-22DF-4921-A20B-14F75749C261}.Debug|Any CPU.Build.0 = Debug|Any CPU
		{CFBF19A8-22DF-4921-A20B-14F75749C261}.Release|Any CPU.ActiveCfg = Release|Any CPU
		{CFBF19A8-22DF-4921-A20B-14F75749C261}.Release|Any CPU.Build.0 = Release|Any CPU
		{D7379472-F020-4119-9D19-93AE20BD5B82}.Debug|Any CPU.ActiveCfg = Debug|Any CPU
		{D7379472-F020-4119-9D19-93AE20BD5B82}.Debug|Any CPU.Build.0 = Debug|Any CPU
		{D7379472-F020-4119-9D19-93AE20BD5B82}.Release|Any CPU.ActiveCfg = Release|Any CPU
		{D7379472-F020-4119-9D19-93AE20BD5B82}.Release|Any CPU.Build.0 = Release|Any CPU
	EndGlobalSection
	GlobalSection(SolutionProperties) = preSolution
		HideSolutionNode = FALSE
	EndGlobalSection
	GlobalSection(ExtensibilityGlobals) = postSolution
		SolutionGuid = {00C4ADF2-E0EE-4DA4-954E-522480DA824D}
	EndGlobalSection
EndGlobal
