
Microsoft Visual Studio Solution File, Format Version 12.00
# Visual Studio Version 16
VisualStudioVersion = 16.0.31624.102
MinimumVisualStudioVersion = 10.0.40219.1
Project("{9A19103F-16F7-4668-BE54-9A1E7A4F7556}") = "Task 1.1.1", "Block 1\Topic 1\Task 1.1.1\Task 1.1.1.csproj", "{DF34E5D5-0920-4300-8C84-F62DFEF46F07}"
EndProject
Project("{9A19103F-16F7-4668-BE54-9A1E7A4F7556}") = "Task 1.1.2", "Block 1\Topic 1\Task 1.1.2\Task 1.1.2.csproj", "{16F138F1-3E13-483E-BA0D-87693A941B09}"
EndProject
Project("{9A19103F-16F7-4668-BE54-9A1E7A4F7556}") = "Task 1.1.3", "Block 1\Topic 1\Task 1.1.3\Task 1.1.3.csproj", "{CFBF19A8-22DF-4921-A20B-14F75749C261}"
EndProject
Project("{9A19103F-16F7-4668-BE54-9A1E7A4F7556}") = "Task 1.2.1", "Block 1\Topic 1\Task 1.2.1\Task 1.2.1.csproj", "{D7379472-F020-4119-9D19-93AE20BD5B82}"
EndProject
Project("{9A19103F-16F7-4668-BE54-9A1E7A4F7556}") = "Task 1.2.2", "Block 1\Topic 1\Task 1.2.2\Task 1.2.2.csproj", "{EA53E607-C4B3-4404-94C1-69D3C19DAA60}"
EndProject
Project("{9A19103F-16F7-4668-BE54-9A1E7A4F7556}") = "Task 1.2.3", "Block 1\Topic 1\Task 1.2.3\Task 1.2.3.csproj", "{9E607F4A-04B8-4060-836F-DF88744534D0}"
EndProject
Project("{2150E333-8FDC-42A3-9474-1A3956D46DE8}") = "Topic 1", "Topic 1", "{52477326-9E12-483A-A7A6-7ECAAEDC3B9C}"
EndProject
Project("{2150E333-8FDC-42A3-9474-1A3956D46DE8}") = "Topic 2", "Topic 2", "{E7138700-1C3C-4109-A01F-02BC98095852}"
EndProject
Project("{9A19103F-16F7-4668-BE54-9A1E7A4F7556}") = "Task 2.1.1", "Block 1\Topic 2\Task 2.1.1\Task 2.1.1.csproj", "{065E019C-9A79-4FB1-9057-A744041E37CA}"
EndProject
Project("{9A19103F-16F7-4668-BE54-9A1E7A4F7556}") = "Task 2.1.2", "Block 1\Topic 2\Task 2.1.2\Task 2.1.2.csproj", "{8A741F76-3C55-4FAF-849A-3EC0C2EDD3E5}"
EndProject
Project("{9A19103F-16F7-4668-BE54-9A1E7A4F7556}") = "Task 2.1.3", "Block 1\Topic 2\Task 2.1.3\Task 2.1.3.csproj", "{F424CAA5-844D-4DCE-A42E-230AA41439EA}"
EndProject
Project("{9A19103F-16F7-4668-BE54-9A1E7A4F7556}") = "Task 2.2.1", "Block 1\Topic 2\Task 2.2.1\Task 2.2.1.csproj", "{3374644B-873E-4EA0-BC9A-8050DA7308F4}"
EndProject
Project("{9A19103F-16F7-4668-BE54-9A1E7A4F7556}") = "Task 2.2.2", "Block 1\Topic 2\Task 2.2.2\Task 2.2.2.csproj", "{6E371001-5549-4A42-8B95-8D4B27FCFFE3}"
EndProject
Project("{9A19103F-16F7-4668-BE54-9A1E7A4F7556}") = "Task 2.2.3", "Block 1\Topic 2\Task 2.2.3\Task 2.2.3.csproj", "{69D748EE-8D78-4E34-9004-0AF3CB29B3BF}"
EndProject
Project("{2150E333-8FDC-42A3-9474-1A3956D46DE8}") = "Topic 3", "Topic 3", "{4F32A281-57E8-433A-9C71-F8ED91630578}"
EndProject
Project("{9A19103F-16F7-4668-BE54-9A1E7A4F7556}") = "Task 3.1.1", "Block 1\Topic 3\Task 3.1.1\Task 3.1.1.csproj", "{3E6397E4-5819-418B-8FF0-7B692787ECFD}"
EndProject
Project("{9A19103F-16F7-4668-BE54-9A1E7A4F7556}") = "Task 3.1.2", "Block 1\Topic 3\Task 3.1.2\Task 3.1.2.csproj", "{E5C9D728-7CA8-48DE-BAB6-7AB292D35206}"
EndProject
Project("{9A19103F-16F7-4668-BE54-9A1E7A4F7556}") = "Task 3.1.3", "Block 1\Topic 3\Task 3.1.3\Task 3.1.3.csproj", "{F8DB61CD-E77A-435C-879C-1277D385C3AE}"
EndProject
Project("{2150E333-8FDC-42A3-9474-1A3956D46DE8}") = "Topic 4", "Topic 4", "{52C7943C-09F6-43C1-AF2F-CCF248C61DA7}"
EndProject
Project("{9A19103F-16F7-4668-BE54-9A1E7A4F7556}") = "Task 4.1.1", "Block 1\Topic 4\Task 4.1.1\Task 4.1.1.csproj", "{284A98EE-A21B-4E13-8B9D-C16F469C9B62}"
EndProject
Project("{9A19103F-16F7-4668-BE54-9A1E7A4F7556}") = "Task 4.2.1", "Block 1\Topic 4\Task 4.2.1\Task 4.2.1.csproj", "{4CD97C2F-A54F-4606-9F75-09DA204011DC}"
EndProject
Project("{2150E333-8FDC-42A3-9474-1A3956D46DE8}") = "Topic 5", "Topic 5", "{6CB4E7EB-A0EF-4158-AA2C-78E30FCD5812}"
EndProject
Project("{9A19103F-16F7-4668-BE54-9A1E7A4F7556}") = "Task 5.1.1", "Block 1\Topic 5\Task 5.1.1\Task 5.1.1.csproj", "{316A2FD0-DB48-4B91-AB2E-9217527CABB9}"
EndProject
Project("{9A19103F-16F7-4668-BE54-9A1E7A4F7556}") = "Task 5.2.1", "Block 1\Topic 5\Task 5.2.1\Task 5.2.1.csproj", "{12691571-2476-4D4A-B8AE-E140F0467864}"
EndProject
Project("{9A19103F-16F7-4668-BE54-9A1E7A4F7556}") = "Task 5.2.2", "Block 1\Topic 5\Task 5.2.2\Task 5.2.2.csproj", "{4703DCAB-3E52-47AC-9FDE-37EC089362EC}"
EndProject
Project("{2150E333-8FDC-42A3-9474-1A3956D46DE8}") = "Topic 6", "Topic 6", "{D5CAB55F-5BDE-4B84-8233-2399D3166F64}"
EndProject
Project("{9A19103F-16F7-4668-BE54-9A1E7A4F7556}") = "Task 6.1.1", "Block 1\Topic 6\Task 6.1.1\Task 6.1.1.csproj", "{4B21B6C2-1901-4756-ABA3-1D163558D4FB}"
EndProject
Project("{9A19103F-16F7-4668-BE54-9A1E7A4F7556}") = "Task 6.1.2", "Block 1\Topic 6\Task 6.1.2\Task 6.1.2.csproj", "{B72B3505-4F1B-42D5-A687-5B7AE4F5A76B}"
EndProject
Project("{9A19103F-16F7-4668-BE54-9A1E7A4F7556}") = "Task 6.2.1", "Block 1\Topic 6\Task 6.2.1\Task 6.2.1.csproj", "{28F0EB7D-C2AE-49D3-B9A3-E767E435E491}"
EndProject
Project("{2150E333-8FDC-42A3-9474-1A3956D46DE8}") = "Topic 7", "Topic 7", "{BD071BF5-CD33-4418-BA9A-4C448E487179}"
EndProject
Project("{9A19103F-16F7-4668-BE54-9A1E7A4F7556}") = "Task 7.1.1", "Block 1\Topic 7\Task 7.1.1\Task 7.1.1.csproj", "{4B00FB86-B981-400C-9B96-F916D2BDE3C8}"
EndProject
Project("{9A19103F-16F7-4668-BE54-9A1E7A4F7556}") = "Task 7.2.1", "Block 1\Topic 7\Task 7.2.1\Task 7.2.1.csproj", "{38D765B2-F907-4BB2-BFDD-2A0277AEE2BB}"
EndProject
Project("{9A19103F-16F7-4668-BE54-9A1E7A4F7556}") = "Task 7.2.2", "Block 1\Topic 7\Task 7.2.2\Task 7.2.2.csproj", "{BC3F173C-89A4-4BF0-87A3-0E027656F33D}"
EndProject
Project("{2150E333-8FDC-42A3-9474-1A3956D46DE8}") = "Block 1", "Block 1", "{4558ACDF-917A-44C9-BF7A-8F34011C5E29}"
EndProject
Project("{2150E333-8FDC-42A3-9474-1A3956D46DE8}") = "Block 2", "Block 2", "{CF2FF1E6-F656-499F-B1EB-F49DA017A8A7}"
EndProject
Project("{2150E333-8FDC-42A3-9474-1A3956D46DE8}") = "Topic 1", "Topic 1", "{239704B3-DDE4-4D6C-BA41-7282B09A20A9}"
EndProject
Project("{00D1A9C2-B5F0-4AF3-8072-F6C62B433612}") = "Task 1.1.1", "Block 2\Topic 1\Task 1.1.1\Task 1.1.1.sqlproj", "{707BA425-8C93-4BA7-968D-EE1683DC205A}"
EndProject
Project("{2150E333-8FDC-42A3-9474-1A3956D46DE8}") = "Topic 2", "Topic 2", "{F0633144-C527-43D4-956C-53173BDF8F2F}"
EndProject
Project("{FAE04EC0-301F-11D3-BF4B-00C04F79EFBC}") = "Task 2.1.1", "Block 2\Topic 2\Task 2.1.1\Task 2.1.1.csproj", "{067DC247-8158-489D-A7AD-89AB3B693ED6}"
EndProject
Global
	GlobalSection(SolutionConfigurationPlatforms) = preSolution
		Debug|Any CPU = Debug|Any CPU
		Release|Any CPU = Release|Any CPU
	EndGlobalSection
	GlobalSection(ProjectConfigurationPlatforms) = postSolution
		{DF34E5D5-0920-4300-8C84-F62DFEF46F07}.Debug|Any CPU.ActiveCfg = Debug|Any CPU
		{DF34E5D5-0920-4300-8C84-F62DFEF46F07}.Debug|Any CPU.Build.0 = Debug|Any CPU
		{DF34E5D5-0920-4300-8C84-F62DFEF46F07}.Release|Any CPU.ActiveCfg = Release|Any CPU
		{DF34E5D5-0920-4300-8C84-F62DFEF46F07}.Release|Any CPU.Build.0 = Release|Any CPU
		{16F138F1-3E13-483E-BA0D-87693A941B09}.Debug|Any CPU.ActiveCfg = Debug|Any CPU
		{16F138F1-3E13-483E-BA0D-87693A941B09}.Debug|Any CPU.Build.0 = Debug|Any CPU
		{16F138F1-3E13-483E-BA0D-87693A941B09}.Release|Any CPU.ActiveCfg = Release|Any CPU
		{16F138F1-3E13-483E-BA0D-87693A941B09}.Release|Any CPU.Build.0 = Release|Any CPU
		{CFBF19A8-22DF-4921-A20B-14F75749C261}.Debug|Any CPU.ActiveCfg = Debug|Any CPU
		{CFBF19A8-22DF-4921-A20B-14F75749C261}.Debug|Any CPU.Build.0 = Debug|Any CPU
		{CFBF19A8-22DF-4921-A20B-14F75749C261}.Release|Any CPU.ActiveCfg = Release|Any CPU
		{CFBF19A8-22DF-4921-A20B-14F75749C261}.Release|Any CPU.Build.0 = Release|Any CPU
		{D7379472-F020-4119-9D19-93AE20BD5B82}.Debug|Any CPU.ActiveCfg = Debug|Any CPU
		{D7379472-F020-4119-9D19-93AE20BD5B82}.Debug|Any CPU.Build.0 = Debug|Any CPU
		{D7379472-F020-4119-9D19-93AE20BD5B82}.Release|Any CPU.ActiveCfg = Release|Any CPU
		{D7379472-F020-4119-9D19-93AE20BD5B82}.Release|Any CPU.Build.0 = Release|Any CPU
		{EA53E607-C4B3-4404-94C1-69D3C19DAA60}.Debug|Any CPU.ActiveCfg = Debug|Any CPU
		{EA53E607-C4B3-4404-94C1-69D3C19DAA60}.Debug|Any CPU.Build.0 = Debug|Any CPU
		{EA53E607-C4B3-4404-94C1-69D3C19DAA60}.Release|Any CPU.ActiveCfg = Release|Any CPU
		{EA53E607-C4B3-4404-94C1-69D3C19DAA60}.Release|Any CPU.Build.0 = Release|Any CPU
		{9E607F4A-04B8-4060-836F-DF88744534D0}.Debug|Any CPU.ActiveCfg = Debug|Any CPU
		{9E607F4A-04B8-4060-836F-DF88744534D0}.Debug|Any CPU.Build.0 = Debug|Any CPU
		{9E607F4A-04B8-4060-836F-DF88744534D0}.Release|Any CPU.ActiveCfg = Release|Any CPU
		{9E607F4A-04B8-4060-836F-DF88744534D0}.Release|Any CPU.Build.0 = Release|Any CPU
		{065E019C-9A79-4FB1-9057-A744041E37CA}.Debug|Any CPU.ActiveCfg = Debug|Any CPU
		{065E019C-9A79-4FB1-9057-A744041E37CA}.Debug|Any CPU.Build.0 = Debug|Any CPU
		{065E019C-9A79-4FB1-9057-A744041E37CA}.Release|Any CPU.ActiveCfg = Release|Any CPU
		{065E019C-9A79-4FB1-9057-A744041E37CA}.Release|Any CPU.Build.0 = Release|Any CPU
		{8A741F76-3C55-4FAF-849A-3EC0C2EDD3E5}.Debug|Any CPU.ActiveCfg = Debug|Any CPU
		{8A741F76-3C55-4FAF-849A-3EC0C2EDD3E5}.Debug|Any CPU.Build.0 = Debug|Any CPU
		{8A741F76-3C55-4FAF-849A-3EC0C2EDD3E5}.Release|Any CPU.ActiveCfg = Release|Any CPU
		{8A741F76-3C55-4FAF-849A-3EC0C2EDD3E5}.Release|Any CPU.Build.0 = Release|Any CPU
		{F424CAA5-844D-4DCE-A42E-230AA41439EA}.Debug|Any CPU.ActiveCfg = Debug|Any CPU
		{F424CAA5-844D-4DCE-A42E-230AA41439EA}.Debug|Any CPU.Build.0 = Debug|Any CPU
		{F424CAA5-844D-4DCE-A42E-230AA41439EA}.Release|Any CPU.ActiveCfg = Release|Any CPU
		{F424CAA5-844D-4DCE-A42E-230AA41439EA}.Release|Any CPU.Build.0 = Release|Any CPU
		{3374644B-873E-4EA0-BC9A-8050DA7308F4}.Debug|Any CPU.ActiveCfg = Debug|Any CPU
		{3374644B-873E-4EA0-BC9A-8050DA7308F4}.Debug|Any CPU.Build.0 = Debug|Any CPU
		{3374644B-873E-4EA0-BC9A-8050DA7308F4}.Release|Any CPU.ActiveCfg = Release|Any CPU
		{3374644B-873E-4EA0-BC9A-8050DA7308F4}.Release|Any CPU.Build.0 = Release|Any CPU
		{6E371001-5549-4A42-8B95-8D4B27FCFFE3}.Debug|Any CPU.ActiveCfg = Debug|Any CPU
		{6E371001-5549-4A42-8B95-8D4B27FCFFE3}.Debug|Any CPU.Build.0 = Debug|Any CPU
		{6E371001-5549-4A42-8B95-8D4B27FCFFE3}.Release|Any CPU.ActiveCfg = Release|Any CPU
		{6E371001-5549-4A42-8B95-8D4B27FCFFE3}.Release|Any CPU.Build.0 = Release|Any CPU
		{69D748EE-8D78-4E34-9004-0AF3CB29B3BF}.Debug|Any CPU.ActiveCfg = Debug|Any CPU
		{69D748EE-8D78-4E34-9004-0AF3CB29B3BF}.Debug|Any CPU.Build.0 = Debug|Any CPU
		{69D748EE-8D78-4E34-9004-0AF3CB29B3BF}.Release|Any CPU.ActiveCfg = Release|Any CPU
		{69D748EE-8D78-4E34-9004-0AF3CB29B3BF}.Release|Any CPU.Build.0 = Release|Any CPU
		{3E6397E4-5819-418B-8FF0-7B692787ECFD}.Debug|Any CPU.ActiveCfg = Debug|Any CPU
		{3E6397E4-5819-418B-8FF0-7B692787ECFD}.Debug|Any CPU.Build.0 = Debug|Any CPU
		{3E6397E4-5819-418B-8FF0-7B692787ECFD}.Release|Any CPU.ActiveCfg = Release|Any CPU
		{3E6397E4-5819-418B-8FF0-7B692787ECFD}.Release|Any CPU.Build.0 = Release|Any CPU
		{E5C9D728-7CA8-48DE-BAB6-7AB292D35206}.Debug|Any CPU.ActiveCfg = Debug|Any CPU
		{E5C9D728-7CA8-48DE-BAB6-7AB292D35206}.Debug|Any CPU.Build.0 = Debug|Any CPU
		{E5C9D728-7CA8-48DE-BAB6-7AB292D35206}.Release|Any CPU.ActiveCfg = Release|Any CPU
		{E5C9D728-7CA8-48DE-BAB6-7AB292D35206}.Release|Any CPU.Build.0 = Release|Any CPU
		{F8DB61CD-E77A-435C-879C-1277D385C3AE}.Debug|Any CPU.ActiveCfg = Debug|Any CPU
		{F8DB61CD-E77A-435C-879C-1277D385C3AE}.Debug|Any CPU.Build.0 = Debug|Any CPU
		{F8DB61CD-E77A-435C-879C-1277D385C3AE}.Release|Any CPU.ActiveCfg = Release|Any CPU
		{F8DB61CD-E77A-435C-879C-1277D385C3AE}.Release|Any CPU.Build.0 = Release|Any CPU
		{284A98EE-A21B-4E13-8B9D-C16F469C9B62}.Debug|Any CPU.ActiveCfg = Debug|Any CPU
		{284A98EE-A21B-4E13-8B9D-C16F469C9B62}.Debug|Any CPU.Build.0 = Debug|Any CPU
		{284A98EE-A21B-4E13-8B9D-C16F469C9B62}.Release|Any CPU.ActiveCfg = Release|Any CPU
		{284A98EE-A21B-4E13-8B9D-C16F469C9B62}.Release|Any CPU.Build.0 = Release|Any CPU
		{4CD97C2F-A54F-4606-9F75-09DA204011DC}.Debug|Any CPU.ActiveCfg = Debug|Any CPU
		{4CD97C2F-A54F-4606-9F75-09DA204011DC}.Debug|Any CPU.Build.0 = Debug|Any CPU
		{4CD97C2F-A54F-4606-9F75-09DA204011DC}.Release|Any CPU.ActiveCfg = Release|Any CPU
		{4CD97C2F-A54F-4606-9F75-09DA204011DC}.Release|Any CPU.Build.0 = Release|Any CPU
		{316A2FD0-DB48-4B91-AB2E-9217527CABB9}.Debug|Any CPU.ActiveCfg = Debug|Any CPU
		{316A2FD0-DB48-4B91-AB2E-9217527CABB9}.Debug|Any CPU.Build.0 = Debug|Any CPU
		{316A2FD0-DB48-4B91-AB2E-9217527CABB9}.Release|Any CPU.ActiveCfg = Release|Any CPU
		{316A2FD0-DB48-4B91-AB2E-9217527CABB9}.Release|Any CPU.Build.0 = Release|Any CPU
		{12691571-2476-4D4A-B8AE-E140F0467864}.Debug|Any CPU.ActiveCfg = Debug|Any CPU
		{12691571-2476-4D4A-B8AE-E140F0467864}.Debug|Any CPU.Build.0 = Debug|Any CPU
		{12691571-2476-4D4A-B8AE-E140F0467864}.Release|Any CPU.ActiveCfg = Release|Any CPU
		{12691571-2476-4D4A-B8AE-E140F0467864}.Release|Any CPU.Build.0 = Release|Any CPU
		{4703DCAB-3E52-47AC-9FDE-37EC089362EC}.Debug|Any CPU.ActiveCfg = Debug|Any CPU
		{4703DCAB-3E52-47AC-9FDE-37EC089362EC}.Debug|Any CPU.Build.0 = Debug|Any CPU
		{4703DCAB-3E52-47AC-9FDE-37EC089362EC}.Release|Any CPU.ActiveCfg = Release|Any CPU
		{4703DCAB-3E52-47AC-9FDE-37EC089362EC}.Release|Any CPU.Build.0 = Release|Any CPU
		{4B21B6C2-1901-4756-ABA3-1D163558D4FB}.Debug|Any CPU.ActiveCfg = Debug|Any CPU
		{4B21B6C2-1901-4756-ABA3-1D163558D4FB}.Debug|Any CPU.Build.0 = Debug|Any CPU
		{4B21B6C2-1901-4756-ABA3-1D163558D4FB}.Release|Any CPU.ActiveCfg = Release|Any CPU
		{4B21B6C2-1901-4756-ABA3-1D163558D4FB}.Release|Any CPU.Build.0 = Release|Any CPU
		{B72B3505-4F1B-42D5-A687-5B7AE4F5A76B}.Debug|Any CPU.ActiveCfg = Debug|Any CPU
		{B72B3505-4F1B-42D5-A687-5B7AE4F5A76B}.Debug|Any CPU.Build.0 = Debug|Any CPU
		{B72B3505-4F1B-42D5-A687-5B7AE4F5A76B}.Release|Any CPU.ActiveCfg = Release|Any CPU
		{B72B3505-4F1B-42D5-A687-5B7AE4F5A76B}.Release|Any CPU.Build.0 = Release|Any CPU
		{28F0EB7D-C2AE-49D3-B9A3-E767E435E491}.Debug|Any CPU.ActiveCfg = Debug|Any CPU
		{28F0EB7D-C2AE-49D3-B9A3-E767E435E491}.Debug|Any CPU.Build.0 = Debug|Any CPU
		{28F0EB7D-C2AE-49D3-B9A3-E767E435E491}.Release|Any CPU.ActiveCfg = Release|Any CPU
		{28F0EB7D-C2AE-49D3-B9A3-E767E435E491}.Release|Any CPU.Build.0 = Release|Any CPU
		{4B00FB86-B981-400C-9B96-F916D2BDE3C8}.Debug|Any CPU.ActiveCfg = Debug|Any CPU
		{4B00FB86-B981-400C-9B96-F916D2BDE3C8}.Debug|Any CPU.Build.0 = Debug|Any CPU
		{4B00FB86-B981-400C-9B96-F916D2BDE3C8}.Release|Any CPU.ActiveCfg = Release|Any CPU
		{4B00FB86-B981-400C-9B96-F916D2BDE3C8}.Release|Any CPU.Build.0 = Release|Any CPU
		{38D765B2-F907-4BB2-BFDD-2A0277AEE2BB}.Debug|Any CPU.ActiveCfg = Debug|Any CPU
		{38D765B2-F907-4BB2-BFDD-2A0277AEE2BB}.Debug|Any CPU.Build.0 = Debug|Any CPU
		{38D765B2-F907-4BB2-BFDD-2A0277AEE2BB}.Release|Any CPU.ActiveCfg = Release|Any CPU
		{38D765B2-F907-4BB2-BFDD-2A0277AEE2BB}.Release|Any CPU.Build.0 = Release|Any CPU
		{BC3F173C-89A4-4BF0-87A3-0E027656F33D}.Debug|Any CPU.ActiveCfg = Debug|Any CPU
		{BC3F173C-89A4-4BF0-87A3-0E027656F33D}.Debug|Any CPU.Build.0 = Debug|Any CPU
		{BC3F173C-89A4-4BF0-87A3-0E027656F33D}.Release|Any CPU.ActiveCfg = Release|Any CPU
		{BC3F173C-89A4-4BF0-87A3-0E027656F33D}.Release|Any CPU.Build.0 = Release|Any CPU
		{707BA425-8C93-4BA7-968D-EE1683DC205A}.Debug|Any CPU.ActiveCfg = Debug|Any CPU
		{707BA425-8C93-4BA7-968D-EE1683DC205A}.Debug|Any CPU.Build.0 = Debug|Any CPU
		{707BA425-8C93-4BA7-968D-EE1683DC205A}.Debug|Any CPU.Deploy.0 = Debug|Any CPU
		{707BA425-8C93-4BA7-968D-EE1683DC205A}.Release|Any CPU.ActiveCfg = Release|Any CPU
		{707BA425-8C93-4BA7-968D-EE1683DC205A}.Release|Any CPU.Build.0 = Release|Any CPU
		{707BA425-8C93-4BA7-968D-EE1683DC205A}.Release|Any CPU.Deploy.0 = Release|Any CPU
		{067DC247-8158-489D-A7AD-89AB3B693ED6}.Debug|Any CPU.ActiveCfg = Debug|Any CPU
		{067DC247-8158-489D-A7AD-89AB3B693ED6}.Debug|Any CPU.Build.0 = Debug|Any CPU
		{067DC247-8158-489D-A7AD-89AB3B693ED6}.Release|Any CPU.ActiveCfg = Release|Any CPU
		{067DC247-8158-489D-A7AD-89AB3B693ED6}.Release|Any CPU.Build.0 = Release|Any CPU
	EndGlobalSection
	GlobalSection(SolutionProperties) = preSolution
		HideSolutionNode = FALSE
	EndGlobalSection
	GlobalSection(NestedProjects) = preSolution
		{DF34E5D5-0920-4300-8C84-F62DFEF46F07} = {52477326-9E12-483A-A7A6-7ECAAEDC3B9C}
		{16F138F1-3E13-483E-BA0D-87693A941B09} = {52477326-9E12-483A-A7A6-7ECAAEDC3B9C}
		{CFBF19A8-22DF-4921-A20B-14F75749C261} = {52477326-9E12-483A-A7A6-7ECAAEDC3B9C}
		{D7379472-F020-4119-9D19-93AE20BD5B82} = {52477326-9E12-483A-A7A6-7ECAAEDC3B9C}
		{EA53E607-C4B3-4404-94C1-69D3C19DAA60} = {52477326-9E12-483A-A7A6-7ECAAEDC3B9C}
		{9E607F4A-04B8-4060-836F-DF88744534D0} = {52477326-9E12-483A-A7A6-7ECAAEDC3B9C}
		{52477326-9E12-483A-A7A6-7ECAAEDC3B9C} = {4558ACDF-917A-44C9-BF7A-8F34011C5E29}
		{E7138700-1C3C-4109-A01F-02BC98095852} = {4558ACDF-917A-44C9-BF7A-8F34011C5E29}
		{065E019C-9A79-4FB1-9057-A744041E37CA} = {E7138700-1C3C-4109-A01F-02BC98095852}
		{8A741F76-3C55-4FAF-849A-3EC0C2EDD3E5} = {E7138700-1C3C-4109-A01F-02BC98095852}
		{F424CAA5-844D-4DCE-A42E-230AA41439EA} = {E7138700-1C3C-4109-A01F-02BC98095852}
		{3374644B-873E-4EA0-BC9A-8050DA7308F4} = {E7138700-1C3C-4109-A01F-02BC98095852}
		{6E371001-5549-4A42-8B95-8D4B27FCFFE3} = {E7138700-1C3C-4109-A01F-02BC98095852}
		{69D748EE-8D78-4E34-9004-0AF3CB29B3BF} = {E7138700-1C3C-4109-A01F-02BC98095852}
		{4F32A281-57E8-433A-9C71-F8ED91630578} = {4558ACDF-917A-44C9-BF7A-8F34011C5E29}
		{3E6397E4-5819-418B-8FF0-7B692787ECFD} = {4F32A281-57E8-433A-9C71-F8ED91630578}
		{E5C9D728-7CA8-48DE-BAB6-7AB292D35206} = {4F32A281-57E8-433A-9C71-F8ED91630578}
		{F8DB61CD-E77A-435C-879C-1277D385C3AE} = {4F32A281-57E8-433A-9C71-F8ED91630578}
		{52C7943C-09F6-43C1-AF2F-CCF248C61DA7} = {4558ACDF-917A-44C9-BF7A-8F34011C5E29}
		{284A98EE-A21B-4E13-8B9D-C16F469C9B62} = {52C7943C-09F6-43C1-AF2F-CCF248C61DA7}
		{4CD97C2F-A54F-4606-9F75-09DA204011DC} = {52C7943C-09F6-43C1-AF2F-CCF248C61DA7}
		{6CB4E7EB-A0EF-4158-AA2C-78E30FCD5812} = {4558ACDF-917A-44C9-BF7A-8F34011C5E29}
		{316A2FD0-DB48-4B91-AB2E-9217527CABB9} = {6CB4E7EB-A0EF-4158-AA2C-78E30FCD5812}
		{12691571-2476-4D4A-B8AE-E140F0467864} = {6CB4E7EB-A0EF-4158-AA2C-78E30FCD5812}
		{4703DCAB-3E52-47AC-9FDE-37EC089362EC} = {6CB4E7EB-A0EF-4158-AA2C-78E30FCD5812}
		{D5CAB55F-5BDE-4B84-8233-2399D3166F64} = {4558ACDF-917A-44C9-BF7A-8F34011C5E29}
		{4B21B6C2-1901-4756-ABA3-1D163558D4FB} = {D5CAB55F-5BDE-4B84-8233-2399D3166F64}
		{B72B3505-4F1B-42D5-A687-5B7AE4F5A76B} = {D5CAB55F-5BDE-4B84-8233-2399D3166F64}
		{28F0EB7D-C2AE-49D3-B9A3-E767E435E491} = {D5CAB55F-5BDE-4B84-8233-2399D3166F64}
		{BD071BF5-CD33-4418-BA9A-4C448E487179} = {4558ACDF-917A-44C9-BF7A-8F34011C5E29}
		{4B00FB86-B981-400C-9B96-F916D2BDE3C8} = {BD071BF5-CD33-4418-BA9A-4C448E487179}
		{38D765B2-F907-4BB2-BFDD-2A0277AEE2BB} = {BD071BF5-CD33-4418-BA9A-4C448E487179}
		{BC3F173C-89A4-4BF0-87A3-0E027656F33D} = {BD071BF5-CD33-4418-BA9A-4C448E487179}
		{239704B3-DDE4-4D6C-BA41-7282B09A20A9} = {CF2FF1E6-F656-499F-B1EB-F49DA017A8A7}
		{707BA425-8C93-4BA7-968D-EE1683DC205A} = {239704B3-DDE4-4D6C-BA41-7282B09A20A9}
		{F0633144-C527-43D4-956C-53173BDF8F2F} = {CF2FF1E6-F656-499F-B1EB-F49DA017A8A7}
		{067DC247-8158-489D-A7AD-89AB3B693ED6} = {F0633144-C527-43D4-956C-53173BDF8F2F}
	EndGlobalSection
	GlobalSection(ExtensibilityGlobals) = postSolution
		SolutionGuid = {00C4ADF2-E0EE-4DA4-954E-522480DA824D}
	EndGlobalSection
EndGlobal
